[tools.cocogitto]
version = "6.3.0"
backend = "aqua:cocogitto/cocogitto"

[tools.cocogitto.checksums]
"cocogitto-6.3.0-x86_64-unknown-linux-musl.tar.gz" = "sha256:046dbc0ea190528f5a028a64ed761d605f4be85de3a6e469174139331eb058bb"

[tools.editorconfig-checker]
version = "3.2.1"
backend = "aqua:editorconfig-checker/editorconfig-checker"

[tools.editorconfig-checker.checksums]
"ec-linux-amd64.tar.gz" = "sha256:e6c4e61733d3f76c308468da5121bf27b3d43b0d18b7b478b5a80e4199bc91be"

[tools.lefthook]
version = "1.11.5"
backend = "aqua:evilmartians/lefthook"

[tools.lefthook.checksums]
"lefthook_1.11.5_Linux_x86_64.gz" = "sha256:4cdc8a46f33706868efaca729f6b8800ecd6b4bd05b6330c832bb4bfa35011b3"

[tools.python]
version = "3.13.2"
backend = "core:python"

[tools.uv]
version = "0.6.9"
backend = "aqua:astral-sh/uv"

[tools.uv.checksums]
"uv-x86_64-unknown-linux-musl.tar.gz" = "sha256:2b2914da53f9412a1aad7457cee424680da037e6a49c378365c3b5ff5ef0b926"
