[[tools.cocogitto]]
version = "6.5.0"
backend = "aqua:cocogitto/cocogitto"
"platforms.linux-x64" = { checksum = "sha256:9de1086c8b6521a8a01abbd62c562d6d355990f542e3082b49ec4a597f925646", url = "https://github.com/cocogitto/cocogitto/releases/download/6.5.0/cocogitto-6.5.0-x86_64-unknown-linux-musl.tar.gz"}

[[tools.editorconfig-checker]]
version = "3.6.1"
backend = "aqua:editorconfig-checker/editorconfig-checker"
"platforms.linux-x64" = { checksum = "sha256:cd32084fce5f3d49ba49697f362ac3a114989715c98819303247dd54c1f368b0", url = "https://github.com/editorconfig-checker/editorconfig-checker/releases/download/v3.6.1/ec-linux-amd64.tar.gz"}

[[tools.lefthook]]
version = "2.1.1"
backend = "aqua:evilmartians/lefthook"
"platforms.linux-x64" = { checksum = "sha256:5d29942bb5954c59d67d8c37184411034e576ed2829e22b0a6d88bba934e4fbb", url = "https://github.com/evilmartians/lefthook/releases/download/v2.1.1/lefthook_2.1.1_Linux_x86_64.gz"}

[[tools.python]]
version = "3.14.3"
backend = "core:python"
"platforms.linux-arm64" = { checksum = "sha256:e9b0aef9baafb6b9e7a4d47b82d6d9778eeafb2c95d23fb5247d3a5f8e52c5a5", url = "https://github.com/astral-sh/python-build-standalone/releases/download/20260211/cpython-3.14.3+20260211-aarch64-unknown-linux-gnu-install_only_stripped.tar.gz"}
"platforms.linux-x64" = { checksum = "sha256:759457004082459a402f369225b82565d88ca8257d9fd11c642a1c76ab0cb1cc", url = "https://github.com/astral-sh/python-build-standalone/releases/download/20260211/cpython-3.14.3+20260211-x86_64-unknown-linux-gnu-install_only_stripped.tar.gz"}
"platforms.macos-arm64" = { checksum = "sha256:348647e4c13b662f7b0d218ccf472688038679815fb1a429ca664b7dce324237", url = "https://github.com/astral-sh/python-build-standalone/releases/download/20260211/cpython-3.14.3+20260211-aarch64-apple-darwin-install_only_stripped.tar.gz"}
"platforms.macos-x64" = { checksum = "sha256:107c71b272b5eeecd7b7b607c4fac0796b0f221bc3391e6155a349789cc7eb17", url = "https://github.com/astral-sh/python-build-standalone/releases/download/20260211/cpython-3.14.3+20260211-x86_64-apple-darwin-install_only_stripped.tar.gz"}
"platforms.windows-x64" = { checksum = "sha256:dc5feea0e16807e7c7b2d20af3f2c18c7153f9cbd4b54063172553fda60c5a1f", url = "https://github.com/astral-sh/python-build-standalone/releases/download/20260211/cpython-3.14.3+20260211-x86_64-pc-windows-msvc-install_only_stripped.tar.gz"}

[[tools.uv]]
version = "0.10.4"
backend = "aqua:astral-sh/uv"
"platforms.linux-x64" = { checksum = "sha256:18adf097cea30a165ba086c1e72659fec3c5aca056a560e7c39e0164ac871196", url = "https://github.com/astral-sh/uv/releases/download/0.10.4/uv-x86_64-unknown-linux-musl.tar.gz"}
